lockfileVersion: '9.0'

settings:
  autoInstallPeers: true
  excludeLinksFromLockfile: false

importers:

  .: {}

  1.agent-learn/example: {}

  1.agent-learn/mcp: {}

  1.agent-learn/memory: {}

  1.agent-learn/milvus: {}

  1.agent-learn/output-parser: {}

  1.agent-learn/project: {}

  1.agent-learn/prompt: {}

  1.agent-learn/rag: {}

  1.agent-learn/runnable: {}

  1.agent-learn/tool: {}
